
Microsoft Visual Studio Solution File, Format Version 12.00
# Visual Studio Version 17
VisualStudioVersion = 17.5.33103.201
MinimumVisualStudioVersion = 10.0.40219.1
Project("{2150E333-8FDC-42A3-9474-1A3956D46DE8}") = "src", "src", "{3C743E22-4AEC-4A2E-BFCB-463F6137F0E2}"
EndProject
Project("{FAE04EC0-301F-11D3-BF4B-00C04F79EFBC}") = "Order.Domain", "src\Order.Domain\Order.Domain.csproj", "{B61A8001-0B38-4A30-9B6B-6F8C9DA10FF2}"
EndProject
Project("{FAE04EC0-301F-11D3-BF4B-00C04F79EFBC}") = "Order.Application", "src\Order.Application\Order.Application.csproj", "{644461F2-FC3B-4301-BAD4-D29236499A9B}"
EndProject
Project("{FAE04EC0-301F-11D3-BF4B-00C04F79EFBC}") = "Order.Infrastructure", "src\Order.Infrastructure\Order.Infrastructure.csproj", "{0D82F701-EB62-48AE-A36B-CCC1623AD344}"
EndProject
Project("{FAE04EC0-301F-11D3-BF4B-00C04F79EFBC}") = "Order.WebAPI", "src\Order.WebAPI\Order.WebAPI.csproj", "{87290525-5A85-4A07-B881-F12914D66DD0}"
EndProject
Global
	GlobalSection(SolutionConfigurationPlatforms) = preSolution
		Debug|Any CPU = Debug|Any CPU
		Release|Any CPU = Release|Any CPU
	EndGlobalSection
	GlobalSection(ProjectConfigurationPlatforms) = postSolution
		{B61A8001-0B38-4A30-9B6B-6F8C9DA10FF2}.Debug|Any CPU.ActiveCfg = Debug|Any CPU
		{B61A8001-0B38-4A30-9B6B-6F8C9DA10FF2}.Debug|Any CPU.Build.0 = Debug|Any CPU
		{B61A8001-0B38-4A30-9B6B-6F8C9DA10FF2}.Release|Any CPU.ActiveCfg = Release|Any CPU
		{B61A8001-0B38-4A30-9B6B-6F8C9DA10FF2}.Release|Any CPU.Build.0 = Release|Any CPU
		{644461F2-FC3B-4301-BAD4-D29236499A9B}.Debug|Any CPU.ActiveCfg = Debug|Any CPU
		{644461F2-FC3B-4301-BAD4-D29236499A9B}.Debug|Any CPU.Build.0 = Debug|Any CPU
		{644461F2-FC3B-4301-BAD4-D29236499A9B}.Release|Any CPU.ActiveCfg = Release|Any CPU
		{644461F2-FC3B-4301-BAD4-D29236499A9B}.Release|Any CPU.Build.0 = Release|Any CPU
		{0D82F701-EB62-48AE-A36B-CCC1623AD344}.Debug|Any CPU.ActiveCfg = Debug|Any CPU
		{0D82F701-EB62-48AE-A36B-CCC1623AD344}.Debug|Any CPU.Build.0 = Debug|Any CPU
		{0D82F701-EB62-48AE-A36B-CCC1623AD344}.Release|Any CPU.ActiveCfg = Release|Any CPU
		{0D82F701-EB62-48AE-A36B-CCC1623AD344}.Release|Any CPU.Build.0 = Release|Any CPU
		{87290525-5A85-4A07-B881-F12914D66DD0}.Debug|Any CPU.ActiveCfg = Debug|Any CPU
		{87290525-5A85-4A07-B881-F12914D66DD0}.Debug|Any CPU.Build.0 = Debug|Any CPU
		{87290525-5A85-4A07-B881-F12914D66DD0}.Release|Any CPU.ActiveCfg = Release|Any CPU
		{87290525-5A85-4A07-B881-F12914D66DD0}.Release|Any CPU.Build.0 = Release|Any CPU
	EndGlobalSection
	GlobalSection(SolutionProperties) = preSolution
		HideSolutionNode = FALSE
	EndGlobalSection
	GlobalSection(NestedProjects) = preSolution
		{B61A8001-0B38-4A30-9B6B-6F8C9DA10FF2} = {3C743E22-4AEC-4A2E-BFCB-463F6137F0E2}
		{644461F2-FC3B-4301-BAD4-D29236499A9B} = {3C743E22-4AEC-4A2E-BFCB-463F6137F0E2}
		{0D82F701-EB62-48AE-A36B-CCC1623AD344} = {3C743E22-4AEC-4A2E-BFCB-463F6137F0E2}
		{87290525-5A85-4A07-B881-F12914D66DD0} = {3C743E22-4AEC-4A2E-BFCB-463F6137F0E2}
	EndGlobalSection
	GlobalSection(ExtensibilityGlobals) = postSolution
		SolutionGuid = {8E7F4FF5-04EA-4903-8774-4117E0A5E49B}
	EndGlobalSection
EndGlobal
